
Microsoft Visual Studio Solution File, Format Version 12.00
# Visual Studio Version 17
VisualStudioVersion = 17.7.34003.232
MinimumVisualStudioVersion = 10.0.40219.1
Project("{FAE04EC0-301F-11D3-BF4B-00C04F79EFBC}") = "CodePractice", "AdvancedDebugging\CodePractice.csproj", "{AC15B0B2-C1EA-4B24-AC04-649C931531C1}"
EndProject
Project("{FAE04EC0-301F-11D3-BF4B-00C04F79EFBC}") = "C_Sharp_Arrays_SortBySmallNumbers", "C_Sharp_Arrays_SortBySmallNumbers\C_Sharp_Arrays_SortBySmallNumbers.csproj", "{D563917E-2507-4E36-8813-5190CD9732EC}"
EndProject
Project("{FAE04EC0-301F-11D3-BF4B-00C04F79EFBC}") = "C_Sharp_Classes", "..\C_Sharp_Classes\C_Sharp_Classes.csproj", "{4EA2E1A1-C68F-454B-90F2-07434DAE35FC}"
EndProject
Project("{FAE04EC0-301F-11D3-BF4B-00C04F79EFBC}") = "C_Sharp_Constructor", "..\..\Practice\CodePractice\C_Sharp_Constructor\C_Sharp_Constructor.csproj", "{0970A95C-8ABF-4D36-A502-5373C4BA5670}"
EndProject
Global
	GlobalSection(SolutionConfigurationPlatforms) = preSolution
		Debug|Any CPU = Debug|Any CPU
		Release|Any CPU = Release|Any CPU
	EndGlobalSection
	GlobalSection(ProjectConfigurationPlatforms) = postSolution
		{AC15B0B2-C1EA-4B24-AC04-649C931531C1}.Debug|Any CPU.ActiveCfg = Debug|Any CPU
		{AC15B0B2-C1EA-4B24-AC04-649C931531C1}.Debug|Any CPU.Build.0 = Debug|Any CPU
		{AC15B0B2-C1EA-4B24-AC04-649C931531C1}.Release|Any CPU.ActiveCfg = Release|Any CPU
		{AC15B0B2-C1EA-4B24-AC04-649C931531C1}.Release|Any CPU.Build.0 = Release|Any CPU
		{D563917E-2507-4E36-8813-5190CD9732EC}.Debug|Any CPU.ActiveCfg = Debug|Any CPU
		{D563917E-2507-4E36-8813-5190CD9732EC}.Debug|Any CPU.Build.0 = Debug|Any CPU
		{D563917E-2507-4E36-8813-5190CD9732EC}.Release|Any CPU.ActiveCfg = Release|Any CPU
		{D563917E-2507-4E36-8813-5190CD9732EC}.Release|Any CPU.Build.0 = Release|Any CPU
		{4EA2E1A1-C68F-454B-90F2-07434DAE35FC}.Debug|Any CPU.ActiveCfg = Debug|Any CPU
		{4EA2E1A1-C68F-454B-90F2-07434DAE35FC}.Debug|Any CPU.Build.0 = Debug|Any CPU
		{4EA2E1A1-C68F-454B-90F2-07434DAE35FC}.Release|Any CPU.ActiveCfg = Release|Any CPU
		{4EA2E1A1-C68F-454B-90F2-07434DAE35FC}.Release|Any CPU.Build.0 = Release|Any CPU
		{0970A95C-8ABF-4D36-A502-5373C4BA5670}.Debug|Any CPU.ActiveCfg = Debug|Any CPU
		{0970A95C-8ABF-4D36-A502-5373C4BA5670}.Debug|Any CPU.Build.0 = Debug|Any CPU
		{0970A95C-8ABF-4D36-A502-5373C4BA5670}.Release|Any CPU.ActiveCfg = Release|Any CPU
		{0970A95C-8ABF-4D36-A502-5373C4BA5670}.Release|Any CPU.Build.0 = Release|Any CPU
	EndGlobalSection
	GlobalSection(SolutionProperties) = preSolution
		HideSolutionNode = FALSE
	EndGlobalSection
	GlobalSection(ExtensibilityGlobals) = postSolution
		SolutionGuid = {E29D5030-CB7A-4A83-A072-4D8C2C97EBFA}
	EndGlobalSection
EndGlobal
