
Microsoft Visual Studio Solution File, Format Version 12.00
# Visual Studio Version 17
VisualStudioVersion = 17.7.34003.232
MinimumVisualStudioVersion = 10.0.40219.1
Project("{FAE04EC0-301F-11D3-BF4B-00C04F79EFBC}") = "CodePractice", "AdvancedDebugging\CodePractice.csproj", "{AC15B0B2-C1EA-4B24-AC04-649C931531C1}"
EndProject
Global
	GlobalSection(SolutionConfigurationPlatforms) = preSolution
		Debug|Any CPU = Debug|Any CPU
		Release|Any CPU = Release|Any CPU
	EndGlobalSection
	GlobalSection(ProjectConfigurationPlatforms) = postSolution
		{AC15B0B2-C1EA-4B24-AC04-649C931531C1}.Debug|Any CPU.ActiveCfg = Debug|Any CPU
		{AC15B0B2-C1EA-4B24-AC04-649C931531C1}.Debug|Any CPU.Build.0 = Debug|Any CPU
		{AC15B0B2-C1EA-4B24-AC04-649C931531C1}.Release|Any CPU.ActiveCfg = Release|Any CPU
		{AC15B0B2-C1EA-4B24-AC04-649C931531C1}.Release|Any CPU.Build.0 = Release|Any CPU
	EndGlobalSection
	GlobalSection(SolutionProperties) = preSolution
		HideSolutionNode = FALSE
	EndGlobalSection
	GlobalSection(ExtensibilityGlobals) = postSolution
		SolutionGuid = {E29D5030-CB7A-4A83-A072-4D8C2C97EBFA}
	EndGlobalSection
EndGlobal
